Microsoft Visual Studio Solution File, Format Version 12.00
# Visual Studio Version 17
VisualStudioVersion = 17.0.31903.59
MinimumVisualStudioVersion = 10.0.40219.1
Project("{9A19103F-16F7-4668-BE54-9A1E7A4F7556}") = "SCIH.Api", "src\api\SCIH.Api\SCIH.Api.csproj", "{A0EEBC99-9C0B-4EF8-BB6D-6BB9BD380A11}"
EndProject
Project("{9A19103F-16F7-4668-BE54-9A1E7A4F7556}") = "SCIH.Worker", "src\workers\SCIH.Worker\SCIH.Worker.csproj", "{B1EEBC99-9C0B-4EF8-BB6D-6BB9BD380A22}"
EndProject
Global
	GlobalSection(SolutionConfigurationPlatforms) = preSolution
		Debug|Any CPU = Debug|Any CPU
		Release|Any CPU = Release|Any CPU
	EndGlobalSection
	GlobalSection(ProjectConfigurationPlatforms) = postSolution
		{A0EEBC99-9C0B-4EF8-BB6D-6BB9BD380A11}.Debug|Any CPU.ActiveCfg = Debug|Any CPU
		{A0EEBC99-9C0B-4EF8-BB6D-6BB9BD380A11}.Debug|Any CPU.Build.0 = Debug|Any CPU
		{A0EEBC99-9C0B-4EF8-BB6D-6BB9BD380A11}.Release|Any CPU.ActiveCfg = Release|Any CPU
		{A0EEBC99-9C0B-4EF8-BB6D-6BB9BD380A11}.Release|Any CPU.Build.0 = Release|Any CPU
		{B1EEBC99-9C0B-4EF8-BB6D-6BB9BD380A22}.Debug|Any CPU.ActiveCfg = Debug|Any CPU
		{B1EEBC99-9C0B-4EF8-BB6D-6BB9BD380A22}.Debug|Any CPU.Build.0 = Debug|Any CPU
		{B1EEBC99-9C0B-4EF8-BB6D-6BB9BD380A22}.Release|Any CPU.ActiveCfg = Release|Any CPU
		{B1EEBC99-9C0B-4EF8-BB6D-6BB9BD380A22}.Release|Any CPU.Build.0 = Release|Any CPU
	EndGlobalSection
	GlobalSection(SolutionProperties) = preSolution
		HideSolutionNode = FALSE
	EndGlobalSection
EndGlobal
